
Microsoft Visual Studio Solution File, Format Version 12.00
# Visual Studio Version 17
VisualStudioVersion = 17.0.31903.59
MinimumVisualStudioVersion = 10.0.40219.1
Project("{9A19103F-16F7-4668-BE54-9A1E7A4F7556}") = "ChatRoom", "ChatRoom.csproj", "{F78C0B43-3F6F-4AB8-80EA-6F1234856451}"
EndProject
Project("{9A19103F-16F7-4668-BE54-9A1E7A4F7556}") = "DataLayer", "..\DataLayer\DataLayer.csproj", "{9C6FDEE8-EEE7-4AA3-ADFA-B1E7AAF3775F}"
EndProject
Global
	GlobalSection(SolutionConfigurationPlatforms) = preSolution
		Debug|Any CPU = Debug|Any CPU
		Release|Any CPU = Release|Any CPU
	EndGlobalSection
	GlobalSection(ProjectConfigurationPlatforms) = postSolution
		{F78C0B43-3F6F-4AB8-80EA-6F1234856451}.Debug|Any CPU.ActiveCfg = Debug|Any CPU
		{F78C0B43-3F6F-4AB8-80EA-6F1234856451}.Debug|Any CPU.Build.0 = Debug|Any CPU
		{F78C0B43-3F6F-4AB8-80EA-6F1234856451}.Release|Any CPU.ActiveCfg = Release|Any CPU
		{F78C0B43-3F6F-4AB8-80EA-6F1234856451}.Release|Any CPU.Build.0 = Release|Any CPU
		{9C6FDEE8-EEE7-4AA3-ADFA-B1E7AAF3775F}.Debug|Any CPU.ActiveCfg = Debug|Any CPU
		{9C6FDEE8-EEE7-4AA3-ADFA-B1E7AAF3775F}.Debug|Any CPU.Build.0 = Debug|Any CPU
		{9C6FDEE8-EEE7-4AA3-ADFA-B1E7AAF3775F}.Release|Any CPU.ActiveCfg = Release|Any CPU
		{9C6FDEE8-EEE7-4AA3-ADFA-B1E7AAF3775F}.Release|Any CPU.Build.0 = Release|Any CPU
	EndGlobalSection
	GlobalSection(SolutionProperties) = preSolution
		HideSolutionNode = FALSE
	EndGlobalSection
	GlobalSection(ExtensibilityGlobals) = postSolution
		SolutionGuid = {73364223-D982-4B1C-BD41-EC3307312D67}
	EndGlobalSection
EndGlobal
